
Microsoft Visual Studio Solution File, Format Version 12.00
Project("{FAE04EC0-301F-11D3-BF4B-00C04F79EFBC}") = "Programming Basics I", "Programming Basics I\Programming Basics I.csproj", "{A8FA7C31-E0B7-43B0-BEA2-D83FABF9D3F5}"
EndProject
Project("{FAE04EC0-301F-11D3-BF4B-00C04F79EFBC}") = "Programming Basics II", "Programming Basics II\Programming Basics II.csproj", "{8931E329-743C-4623-B715-AB32B713F7FF}"
EndProject
Project("{FAE04EC0-301F-11D3-BF4B-00C04F79EFBC}") = "Programming in Windows", "Programming in Windows\Programming in Windows.csproj", "{29B84D39-C6A0-43C7-A71A-0B05FF184C27}"
EndProject
Project("{FAE04EC0-301F-11D3-BF4B-00C04F79EFBC}") = "Programming in Windows II", "Programming in Windows II\Programming in Windows II.csproj", "{46658817-C751-4DBA-908D-6ED41C8C3A67}"
EndProject
Global
	GlobalSection(SolutionConfigurationPlatforms) = preSolution
		Debug|Any CPU = Debug|Any CPU
		Release|Any CPU = Release|Any CPU
	EndGlobalSection
	GlobalSection(ProjectConfigurationPlatforms) = postSolution
		{A8FA7C31-E0B7-43B0-BEA2-D83FABF9D3F5}.Debug|Any CPU.ActiveCfg = Debug|Any CPU
		{A8FA7C31-E0B7-43B0-BEA2-D83FABF9D3F5}.Debug|Any CPU.Build.0 = Debug|Any CPU
		{A8FA7C31-E0B7-43B0-BEA2-D83FABF9D3F5}.Release|Any CPU.ActiveCfg = Release|Any CPU
		{A8FA7C31-E0B7-43B0-BEA2-D83FABF9D3F5}.Release|Any CPU.Build.0 = Release|Any CPU
		{8931E329-743C-4623-B715-AB32B713F7FF}.Debug|Any CPU.ActiveCfg = Debug|Any CPU
		{8931E329-743C-4623-B715-AB32B713F7FF}.Debug|Any CPU.Build.0 = Debug|Any CPU
		{8931E329-743C-4623-B715-AB32B713F7FF}.Release|Any CPU.ActiveCfg = Release|Any CPU
		{8931E329-743C-4623-B715-AB32B713F7FF}.Release|Any CPU.Build.0 = Release|Any CPU
		{29B84D39-C6A0-43C7-A71A-0B05FF184C27}.Debug|Any CPU.ActiveCfg = Debug|Any CPU
		{29B84D39-C6A0-43C7-A71A-0B05FF184C27}.Debug|Any CPU.Build.0 = Debug|Any CPU
		{29B84D39-C6A0-43C7-A71A-0B05FF184C27}.Release|Any CPU.ActiveCfg = Release|Any CPU
		{29B84D39-C6A0-43C7-A71A-0B05FF184C27}.Release|Any CPU.Build.0 = Release|Any CPU
		{46658817-C751-4DBA-908D-6ED41C8C3A67}.Debug|Any CPU.ActiveCfg = Debug|Any CPU
		{46658817-C751-4DBA-908D-6ED41C8C3A67}.Debug|Any CPU.Build.0 = Debug|Any CPU
		{46658817-C751-4DBA-908D-6ED41C8C3A67}.Release|Any CPU.ActiveCfg = Release|Any CPU
		{46658817-C751-4DBA-908D-6ED41C8C3A67}.Release|Any CPU.Build.0 = Release|Any CPU
	EndGlobalSection
EndGlobal
