
Microsoft Visual Studio Solution File, Format Version 12.00
# Visual Studio Version 16
VisualStudioVersion = 16.0.31112.23
MinimumVisualStudioVersion = 10.0.40219.1
Project("{FAE04EC0-301F-11D3-BF4B-00C04F79EFBC}") = "winforms", "..\winforms\winforms.csproj", "{B48C41A9-2F39-420F-AC83-A5C4C677E6A0}"
EndProject
Project("{FAE04EC0-301F-11D3-BF4B-00C04F79EFBC}") = "nine", "..\nine\nine.csproj", "{86355F20-3294-40C1-91BE-6223B1AE08B0}"
EndProject
Project("{FAE04EC0-301F-11D3-BF4B-00C04F79EFBC}") = "dataset", "dataset\dataset.csproj", "{AB0F540F-ECD7-4B7D-9998-7FF2619159AB}"
EndProject
Project("{FAE04EC0-301F-11D3-BF4B-00C04F79EFBC}") = "Midi", "Midi\Midi.csproj", "{BE615830-B709-4778-B60A-8230D5CB0BB9}"
EndProject
Project("{FAE04EC0-301F-11D3-BF4B-00C04F79EFBC}") = "tree_view", "tree_view\tree_view.csproj", "{6BDFF5E3-9698-4147-BC21-8115AB89D67D}"
EndProject
Global
	GlobalSection(SolutionConfigurationPlatforms) = preSolution
		Debug|Any CPU = Debug|Any CPU
		Release|Any CPU = Release|Any CPU
	EndGlobalSection
	GlobalSection(ProjectConfigurationPlatforms) = postSolution
		{B48C41A9-2F39-420F-AC83-A5C4C677E6A0}.Debug|Any CPU.ActiveCfg = Debug|Any CPU
		{B48C41A9-2F39-420F-AC83-A5C4C677E6A0}.Debug|Any CPU.Build.0 = Debug|Any CPU
		{B48C41A9-2F39-420F-AC83-A5C4C677E6A0}.Release|Any CPU.ActiveCfg = Release|Any CPU
		{B48C41A9-2F39-420F-AC83-A5C4C677E6A0}.Release|Any CPU.Build.0 = Release|Any CPU
		{86355F20-3294-40C1-91BE-6223B1AE08B0}.Debug|Any CPU.ActiveCfg = Debug|Any CPU
		{86355F20-3294-40C1-91BE-6223B1AE08B0}.Debug|Any CPU.Build.0 = Debug|Any CPU
		{86355F20-3294-40C1-91BE-6223B1AE08B0}.Release|Any CPU.ActiveCfg = Release|Any CPU
		{86355F20-3294-40C1-91BE-6223B1AE08B0}.Release|Any CPU.Build.0 = Release|Any CPU
		{AB0F540F-ECD7-4B7D-9998-7FF2619159AB}.Debug|Any CPU.ActiveCfg = Debug|Any CPU
		{AB0F540F-ECD7-4B7D-9998-7FF2619159AB}.Debug|Any CPU.Build.0 = Debug|Any CPU
		{AB0F540F-ECD7-4B7D-9998-7FF2619159AB}.Release|Any CPU.ActiveCfg = Release|Any CPU
		{AB0F540F-ECD7-4B7D-9998-7FF2619159AB}.Release|Any CPU.Build.0 = Release|Any CPU
		{BE615830-B709-4778-B60A-8230D5CB0BB9}.Debug|Any CPU.ActiveCfg = Debug|Any CPU
		{BE615830-B709-4778-B60A-8230D5CB0BB9}.Debug|Any CPU.Build.0 = Debug|Any CPU
		{BE615830-B709-4778-B60A-8230D5CB0BB9}.Release|Any CPU.ActiveCfg = Release|Any CPU
		{BE615830-B709-4778-B60A-8230D5CB0BB9}.Release|Any CPU.Build.0 = Release|Any CPU
		{6BDFF5E3-9698-4147-BC21-8115AB89D67D}.Debug|Any CPU.ActiveCfg = Debug|Any CPU
		{6BDFF5E3-9698-4147-BC21-8115AB89D67D}.Debug|Any CPU.Build.0 = Debug|Any CPU
		{6BDFF5E3-9698-4147-BC21-8115AB89D67D}.Release|Any CPU.ActiveCfg = Release|Any CPU
		{6BDFF5E3-9698-4147-BC21-8115AB89D67D}.Release|Any CPU.Build.0 = Release|Any CPU
	EndGlobalSection
	GlobalSection(SolutionProperties) = preSolution
		HideSolutionNode = FALSE
	EndGlobalSection
	GlobalSection(ExtensibilityGlobals) = postSolution
		SolutionGuid = {E2CF34ED-ABFE-4B00-AAA0-6D0921B41C94}
	EndGlobalSection
EndGlobal
